
Microsoft Visual Studio Solution File, Format Version 12.00
# Visual Studio 14
VisualStudioVersion = 14.0.25420.1
MinimumVisualStudioVersion = 10.0.40219.1
Project("{FAE04EC0-301F-11D3-BF4B-00C04F79EFBC}") = "TotL", "TotL\TotL.csproj", "{B37F7FD4-7C87-4AAC-BC96-15AAEE97FB33}"
EndProject
Project("{FAE04EC0-301F-11D3-BF4B-00C04F79EFBC}") = "PathFinder", "PathFinder\PathFinder.csproj", "{23D8A555-8474-4C9E-8D1F-15EF0E088CF8}"
EndProject
Project("{FAE04EC0-301F-11D3-BF4B-00C04F79EFBC}") = "PathFinder.Astar", "PathFinder.Astar\PathFinder.Astar.csproj", "{C72DAEC8-DEBF-460A-A069-432651E47DCF}"
EndProject
Global
	GlobalSection(SolutionConfigurationPlatforms) = preSolution
		Debug|Any CPU = Debug|Any CPU
		Release|Any CPU = Release|Any CPU
	EndGlobalSection
	GlobalSection(ProjectConfigurationPlatforms) = postSolution
		{B37F7FD4-7C87-4AAC-BC96-15AAEE97FB33}.Debug|Any CPU.ActiveCfg = Debug|Any CPU
		{B37F7FD4-7C87-4AAC-BC96-15AAEE97FB33}.Debug|Any CPU.Build.0 = Debug|Any CPU
		{B37F7FD4-7C87-4AAC-BC96-15AAEE97FB33}.Release|Any CPU.ActiveCfg = Release|Any CPU
		{B37F7FD4-7C87-4AAC-BC96-15AAEE97FB33}.Release|Any CPU.Build.0 = Release|Any CPU
		{23D8A555-8474-4C9E-8D1F-15EF0E088CF8}.Debug|Any CPU.ActiveCfg = Debug|Any CPU
		{23D8A555-8474-4C9E-8D1F-15EF0E088CF8}.Debug|Any CPU.Build.0 = Debug|Any CPU
		{23D8A555-8474-4C9E-8D1F-15EF0E088CF8}.Release|Any CPU.ActiveCfg = Release|Any CPU
		{23D8A555-8474-4C9E-8D1F-15EF0E088CF8}.Release|Any CPU.Build.0 = Release|Any CPU
		{C72DAEC8-DEBF-460A-A069-432651E47DCF}.Debug|Any CPU.ActiveCfg = Debug|Any CPU
		{C72DAEC8-DEBF-460A-A069-432651E47DCF}.Debug|Any CPU.Build.0 = Debug|Any CPU
		{C72DAEC8-DEBF-460A-A069-432651E47DCF}.Release|Any CPU.ActiveCfg = Release|Any CPU
		{C72DAEC8-DEBF-460A-A069-432651E47DCF}.Release|Any CPU.Build.0 = Release|Any CPU
	EndGlobalSection
	GlobalSection(SolutionProperties) = preSolution
		HideSolutionNode = FALSE
	EndGlobalSection
EndGlobal
